
Microsoft Visual Studio Solution File, Format Version 12.00
# Visual Studio Version 16
VisualStudioVersion = 16.0.30717.126
MinimumVisualStudioVersion = 10.0.40219.1
Project("{FAE04EC0-301F-11D3-BF4B-00C04F79EFBC}") = "PasswordStrength", "PasswordStrength.csproj", "{422FF26F-86BF-4B74-9403-CFA6F05C68FA}"
EndProject
Global
	GlobalSection(SolutionConfigurationPlatforms) = preSolution
		Debug|Any CPU = Debug|Any CPU
		Release|Any CPU = Release|Any CPU
	EndGlobalSection
	GlobalSection(ProjectConfigurationPlatforms) = postSolution
		{422FF26F-86BF-4B74-9403-CFA6F05C68FA}.Debug|Any CPU.ActiveCfg = Debug|Any CPU
		{422FF26F-86BF-4B74-9403-CFA6F05C68FA}.Debug|Any CPU.Build.0 = Debug|Any CPU
		{422FF26F-86BF-4B74-9403-CFA6F05C68FA}.Release|Any CPU.ActiveCfg = Release|Any CPU
		{422FF26F-86BF-4B74-9403-CFA6F05C68FA}.Release|Any CPU.Build.0 = Release|Any CPU
	EndGlobalSection
	GlobalSection(SolutionProperties) = preSolution
		HideSolutionNode = FALSE
	EndGlobalSection
	GlobalSection(ExtensibilityGlobals) = postSolution
		SolutionGuid = {64324EF5-D8F2-496E-AD8E-23D148FA6D14}
	EndGlobalSection
EndGlobal
