
Microsoft Visual Studio Solution File, Format Version 12.00
# Visual Studio Version 16
VisualStudioVersion = 16.0.30717.126
MinimumVisualStudioVersion = 10.0.40219.1
Project("{9A19103F-16F7-4668-BE54-9A1E7A4F7556}") = "Project", "Project.csproj", "{5FEC3B96-E0F7-4C53-9AE5-63BB33A02B74}"
EndProject
Global
	GlobalSection(SolutionConfigurationPlatforms) = preSolution
		Debug|Any CPU = Debug|Any CPU
		Release|Any CPU = Release|Any CPU
	EndGlobalSection
	GlobalSection(ProjectConfigurationPlatforms) = postSolution
		{5FEC3B96-E0F7-4C53-9AE5-63BB33A02B74}.Debug|Any CPU.ActiveCfg = Debug|Any CPU
		{5FEC3B96-E0F7-4C53-9AE5-63BB33A02B74}.Debug|Any CPU.Build.0 = Debug|Any CPU
		{5FEC3B96-E0F7-4C53-9AE5-63BB33A02B74}.Release|Any CPU.ActiveCfg = Release|Any CPU
		{5FEC3B96-E0F7-4C53-9AE5-63BB33A02B74}.Release|Any CPU.Build.0 = Release|Any CPU
	EndGlobalSection
	GlobalSection(SolutionProperties) = preSolution
		HideSolutionNode = FALSE
	EndGlobalSection
	GlobalSection(ExtensibilityGlobals) = postSolution
		SolutionGuid = {78FB51B7-FFE2-48C2-8CD6-C180E767E6D3}
	EndGlobalSection
EndGlobal
