
Microsoft Visual Studio Solution File, Format Version 12.00
# Visual Studio Version 16
VisualStudioVersion = 16.0.30717.126
MinimumVisualStudioVersion = 10.0.40219.1
Project("{FAE04EC0-301F-11D3-BF4B-00C04F79EFBC}") = "MapWithAspDotNetCore", "MapWithAspDotNetCore.csproj", "{B7407E1F-2309-4FBA-A9B6-7DE87C549B12}"
EndProject
Global
	GlobalSection(SolutionConfigurationPlatforms) = preSolution
		Debug|Any CPU = Debug|Any CPU
		Release|Any CPU = Release|Any CPU
	EndGlobalSection
	GlobalSection(ProjectConfigurationPlatforms) = postSolution
		{B7407E1F-2309-4FBA-A9B6-7DE87C549B12}.Debug|Any CPU.ActiveCfg = Debug|Any CPU
		{B7407E1F-2309-4FBA-A9B6-7DE87C549B12}.Debug|Any CPU.Build.0 = Debug|Any CPU
		{B7407E1F-2309-4FBA-A9B6-7DE87C549B12}.Release|Any CPU.ActiveCfg = Release|Any CPU
		{B7407E1F-2309-4FBA-A9B6-7DE87C549B12}.Release|Any CPU.Build.0 = Release|Any CPU
	EndGlobalSection
	GlobalSection(SolutionProperties) = preSolution
		HideSolutionNode = FALSE
	EndGlobalSection
	GlobalSection(ExtensibilityGlobals) = postSolution
		SolutionGuid = {D3B3322E-9FE9-4FF8-BD0E-BBF7AB16C48F}
	EndGlobalSection
EndGlobal
