
Microsoft Visual Studio Solution File, Format Version 12.00
# Visual Studio Version 16
VisualStudioVersion = 16.0.30717.126
MinimumVisualStudioVersion = 10.0.40219.1
Project("{FAE04EC0-301F-11D3-BF4B-00C04F79EFBC}") = "AuthSystem", "AuthSystem.csproj", "{9765B884-71FC-412E-8A31-0A65DF1557CE}"
EndProject
Global
	GlobalSection(SolutionConfigurationPlatforms) = preSolution
		Debug|Any CPU = Debug|Any CPU
		Release|Any CPU = Release|Any CPU
	EndGlobalSection
	GlobalSection(ProjectConfigurationPlatforms) = postSolution
		{9765B884-71FC-412E-8A31-0A65DF1557CE}.Debug|Any CPU.ActiveCfg = Debug|Any CPU
		{9765B884-71FC-412E-8A31-0A65DF1557CE}.Debug|Any CPU.Build.0 = Debug|Any CPU
		{9765B884-71FC-412E-8A31-0A65DF1557CE}.Release|Any CPU.ActiveCfg = Release|Any CPU
		{9765B884-71FC-412E-8A31-0A65DF1557CE}.Release|Any CPU.Build.0 = Release|Any CPU
	EndGlobalSection
	GlobalSection(SolutionProperties) = preSolution
		HideSolutionNode = FALSE
	EndGlobalSection
	GlobalSection(ExtensibilityGlobals) = postSolution
		SolutionGuid = {EAD4BA04-CCEC-4D4E-BFBB-02FA56043840}
	EndGlobalSection
EndGlobal
