
Microsoft Visual Studio Solution File, Format Version 12.00
# Visual Studio Version 16
VisualStudioVersion = 16.0.30717.126
MinimumVisualStudioVersion = 10.0.40219.1
Project("{FAE04EC0-301F-11D3-BF4B-00C04F79EFBC}") = "CartMvc", "CartMvc.csproj", "{C962E82A-367E-4C80-B08E-D6B329D9B22A}"
EndProject
Global
	GlobalSection(SolutionConfigurationPlatforms) = preSolution
		Debug|Any CPU = Debug|Any CPU
		Release|Any CPU = Release|Any CPU
	EndGlobalSection
	GlobalSection(ProjectConfigurationPlatforms) = postSolution
		{C962E82A-367E-4C80-B08E-D6B329D9B22A}.Debug|Any CPU.ActiveCfg = Debug|Any CPU
		{C962E82A-367E-4C80-B08E-D6B329D9B22A}.Debug|Any CPU.Build.0 = Debug|Any CPU
		{C962E82A-367E-4C80-B08E-D6B329D9B22A}.Release|Any CPU.ActiveCfg = Release|Any CPU
		{C962E82A-367E-4C80-B08E-D6B329D9B22A}.Release|Any CPU.Build.0 = Release|Any CPU
	EndGlobalSection
	GlobalSection(SolutionProperties) = preSolution
		HideSolutionNode = FALSE
	EndGlobalSection
	GlobalSection(ExtensibilityGlobals) = postSolution
		SolutionGuid = {388E9D54-A5DB-484C-9C61-590D48378EAD}
	EndGlobalSection
EndGlobal
