
Microsoft Visual Studio Solution File, Format Version 12.00
# Visual Studio Version 16
VisualStudioVersion = 16.0.30717.126
MinimumVisualStudioVersion = 10.0.40219.1
Project("{FAE04EC0-301F-11D3-BF4B-00C04F79EFBC}") = "SecurityWithASP.NETAndEF", "SecurityWithASP.NETAndEF.csproj", "{0B6A6E00-0AE8-40DB-83BD-7D1F068EFC45}"
EndProject
Global
	GlobalSection(SolutionConfigurationPlatforms) = preSolution
		Debug|Any CPU = Debug|Any CPU
		Release|Any CPU = Release|Any CPU
	EndGlobalSection
	GlobalSection(ProjectConfigurationPlatforms) = postSolution
		{0B6A6E00-0AE8-40DB-83BD-7D1F068EFC45}.Debug|Any CPU.ActiveCfg = Debug|Any CPU
		{0B6A6E00-0AE8-40DB-83BD-7D1F068EFC45}.Debug|Any CPU.Build.0 = Debug|Any CPU
		{0B6A6E00-0AE8-40DB-83BD-7D1F068EFC45}.Release|Any CPU.ActiveCfg = Release|Any CPU
		{0B6A6E00-0AE8-40DB-83BD-7D1F068EFC45}.Release|Any CPU.Build.0 = Release|Any CPU
	EndGlobalSection
	GlobalSection(SolutionProperties) = preSolution
		HideSolutionNode = FALSE
	EndGlobalSection
	GlobalSection(ExtensibilityGlobals) = postSolution
		SolutionGuid = {3EBBE1D9-07A1-4EF4-9430-6F5BD0D8665E}
	EndGlobalSection
EndGlobal
